
Microsoft Visual Studio Solution File, Format Version 12.00
# Visual Studio 15
VisualStudioVersion = 15.0.28307.136
MinimumVisualStudioVersion = 10.0.40219.1
Project("{FAE04EC0-301F-11D3-BF4B-00C04F79EFBC}") = "X命名空间详解", "X命名空间详解\X命名空间详解.csproj", "{74123A68-6A97-4DB5-8CE3-2CCF4AAEADED}"
EndProject
Project("{FAE04EC0-301F-11D3-BF4B-00C04F79EFBC}") = "Wpf内部", "Wpf内部\Wpf内部.csproj", "{B195595F-CF91-4B6D-A918-AB762F108C6C}"
EndProject
Project("{FAE04EC0-301F-11D3-BF4B-00C04F79EFBC}") = "Test", "Test\Test.csproj", "{0737F077-D8D7-4BEE-87AA-D7E8FE6AB5EE}"
EndProject
Global
	GlobalSection(SolutionConfigurationPlatforms) = preSolution
		Debug|Any CPU = Debug|Any CPU
		Release|Any CPU = Release|Any CPU
	EndGlobalSection
	GlobalSection(ProjectConfigurationPlatforms) = postSolution
		{74123A68-6A97-4DB5-8CE3-2CCF4AAEADED}.Debug|Any CPU.ActiveCfg = Debug|Any CPU
		{74123A68-6A97-4DB5-8CE3-2CCF4AAEADED}.Debug|Any CPU.Build.0 = Debug|Any CPU
		{74123A68-6A97-4DB5-8CE3-2CCF4AAEADED}.Release|Any CPU.ActiveCfg = Release|Any CPU
		{74123A68-6A97-4DB5-8CE3-2CCF4AAEADED}.Release|Any CPU.Build.0 = Release|Any CPU
		{B195595F-CF91-4B6D-A918-AB762F108C6C}.Debug|Any CPU.ActiveCfg = Debug|Any CPU
		{B195595F-CF91-4B6D-A918-AB762F108C6C}.Debug|Any CPU.Build.0 = Debug|Any CPU
		{B195595F-CF91-4B6D-A918-AB762F108C6C}.Release|Any CPU.ActiveCfg = Release|Any CPU
		{B195595F-CF91-4B6D-A918-AB762F108C6C}.Release|Any CPU.Build.0 = Release|Any CPU
		{0737F077-D8D7-4BEE-87AA-D7E8FE6AB5EE}.Debug|Any CPU.ActiveCfg = Debug|Any CPU
		{0737F077-D8D7-4BEE-87AA-D7E8FE6AB5EE}.Debug|Any CPU.Build.0 = Debug|Any CPU
		{0737F077-D8D7-4BEE-87AA-D7E8FE6AB5EE}.Release|Any CPU.ActiveCfg = Release|Any CPU
		{0737F077-D8D7-4BEE-87AA-D7E8FE6AB5EE}.Release|Any CPU.Build.0 = Release|Any CPU
	EndGlobalSection
	GlobalSection(SolutionProperties) = preSolution
		HideSolutionNode = FALSE
	EndGlobalSection
	GlobalSection(ExtensibilityGlobals) = postSolution
		SolutionGuid = {D851586B-FE09-4550-B198-FD99F437C693}
	EndGlobalSection
EndGlobal
